{
  "version": "2",
  "remote": {
    "https://deno.land/std@0.170.0/_util/asserts.ts": "d0844e9b62510f89ce1f9878b046f6a57bf88f208a10304aab50efcb48365272",
    "https://deno.land/std@0.170.0/_util/os.ts": "8a33345f74990e627b9dfe2de9b040004b08ea5146c7c9e8fe9a29070d193934",
    "https://deno.land/std@0.170.0/encoding/base64.ts": "8605e018e49211efc767686f6f687827d7f5fd5217163e981d8d693105640d7a",
    "https://deno.land/std@0.170.0/fmt/colors.ts": "03ad95e543d2808bc43c17a3dd29d25b43d0f16287fe562a0be89bf632454a12",
    "https://deno.land/std@0.170.0/path/_constants.ts": "df1db3ffa6dd6d1252cc9617e5d72165cd2483df90e93833e13580687b6083c3",
    "https://deno.land/std@0.170.0/path/_interface.ts": "ee3b431a336b80cf445441109d089b70d87d5e248f4f90ff906820889ecf8d09",
    "https://deno.land/std@0.170.0/path/_util.ts": "d16be2a16e1204b65f9d0dfc54a9bc472cafe5f4a190b3c8471ec2016ccd1677",
    "https://deno.land/std@0.170.0/path/common.ts": "bee563630abd2d97f99d83c96c2fa0cca7cee103e8cb4e7699ec4d5db7bd2633",
    "https://deno.land/std@0.170.0/path/glob.ts": "81cc6c72be002cd546c7a22d1f263f82f63f37fe0035d9726aa96fc8f6e4afa1",
    "https://deno.land/std@0.170.0/path/mod.ts": "cf7cec7ac11b7048bb66af8ae03513e66595c279c65cfa12bfc07d9599608b78",
    "https://deno.land/std@0.170.0/path/posix.ts": "b859684bc4d80edfd4cad0a82371b50c716330bed51143d6dcdbe59e6278b30c",
    "https://deno.land/std@0.170.0/path/separator.ts": "fe1816cb765a8068afb3e8f13ad272351c85cbc739af56dacfc7d93d710fe0f9",
    "https://deno.land/std@0.170.0/path/win32.ts": "7cebd2bda6657371adc00061a1d23fdd87bcdf64b4843bb148b0b24c11b40f69",
    "https://deno.land/std@0.174.0/_util/asserts.ts": "178dfc49a464aee693a7e285567b3d0b555dc805ff490505a8aae34f9cfb1462",
    "https://deno.land/std@0.174.0/_util/os.ts": "d932f56d41e4f6a6093d56044e29ce637f8dcc43c5a90af43504a889cf1775e3",
    "https://deno.land/std@0.174.0/path/_constants.ts": "e49961f6f4f48039c0dfed3c3f93e963ca3d92791c9d478ac5b43183413136e0",
    "https://deno.land/std@0.174.0/path/_interface.ts": "6471159dfbbc357e03882c2266d21ef9afdb1e4aa771b0545e90db58a0ba314b",
    "https://deno.land/std@0.174.0/path/_util.ts": "86c2375a996c1931b2f2ac71fefd5ddf0cf0e579fa4ab12d3e4c552d4223b8d8",
    "https://deno.land/std@0.174.0/path/common.ts": "ee7505ab01fd22de3963b64e46cff31f40de34f9f8de1fff6a1bd2fe79380000",
    "https://deno.land/std@0.174.0/path/glob.ts": "d479e0a695621c94d3fd7fe7abd4f9499caf32a8de13f25073451c6ef420a4e1",
    "https://deno.land/std@0.174.0/path/mod.ts": "4b83694ac500d7d31b0cdafc927080a53dc0c3027eb2895790fb155082b0d232",
    "https://deno.land/std@0.174.0/path/posix.ts": "0874b341c2c6968ca38d323338b8b295ea1dae10fa872a768d812e2e7d634789",
    "https://deno.land/std@0.174.0/path/separator.ts": "0fb679739d0d1d7bf45b68dacfb4ec7563597a902edbaf3c59b50d5bcadd93b1",
    "https://deno.land/std@0.174.0/path/win32.ts": "672942919dd66ce1b8c224e77d3447e2ad8254eaff13fe6946420a9f78fa141e",
    "https://deno.land/x/cliffy@v0.25.7/_utils/distance.ts": "02af166952c7c358ac83beae397aa2fbca4ad630aecfcd38d92edb1ea429f004",
    "https://deno.land/x/cliffy@v0.25.7/ansi/ansi_escapes.ts": "885f61f343223f27b8ec69cc138a54bea30542924eacd0f290cd84edcf691387",
    "https://deno.land/x/cliffy@v0.25.7/ansi/chain.ts": "31fb9fcbf72fed9f3eb9b9487270d2042ccd46a612d07dd5271b1a80ae2140a0",
    "https://deno.land/x/cliffy@v0.25.7/ansi/cursor_position.ts": "d537491e31d9c254b208277448eff92ff7f55978c4928dea363df92c0df0813f",
    "https://deno.land/x/cliffy@v0.25.7/ansi/deps.ts": "0f35cb7e91868ce81561f6a77426ea8bc55dc15e13f84c7352f211023af79053",
    "https://deno.land/x/cliffy@v0.25.7/ansi/tty.ts": "8fb064c17ead6cdf00c2d3bc87a9fd17b1167f2daa575c42b516f38bdb604673",
    "https://deno.land/x/cliffy@v0.25.7/keycode/key_code.ts": "c4ab0ffd102c2534962b765ded6d8d254631821bf568143d9352c1cdcf7a24be",
    "https://deno.land/x/cliffy@v0.25.7/keycode/key_codes.ts": "917f0a2da0dbace08cf29bcfdaaa2257da9fe7e705fff8867d86ed69dfb08cfe",
    "https://deno.land/x/cliffy@v0.25.7/keycode/mod.ts": "292d2f295316c6e0da6955042a7b31ab2968ff09f2300541d00f05ed6c2aa2d4",
    "https://deno.land/x/cliffy@v0.25.7/prompt/_generic_input.ts": "737cff2de02c8ce35250f5dd79c67b5fc176423191a2abd1f471a90dd725659e",
    "https://deno.land/x/cliffy@v0.25.7/prompt/_generic_list.ts": "79b301bf09eb19f0d070d897f613f78d4e9f93100d7e9a26349ef0bfaa7408d2",
    "https://deno.land/x/cliffy@v0.25.7/prompt/_generic_prompt.ts": "8630ce89a66d83e695922df41721cada52900b515385d86def597dea35971bb2",
    "https://deno.land/x/cliffy@v0.25.7/prompt/_generic_suggestions.ts": "2a8b619f91e8f9a270811eff557f10f1343a444a527b5fc22c94de832939920c",
    "https://deno.land/x/cliffy@v0.25.7/prompt/_utils.ts": "676cca30762656ed1a9bcb21a7254244278a23ffc591750e98a501644b6d2df3",
    "https://deno.land/x/cliffy@v0.25.7/prompt/checkbox.ts": "e5a5a9adbb86835dffa2afbd23c6f7a8fe25a9d166485388ef25aba5dc3fbf9e",
    "https://deno.land/x/cliffy@v0.25.7/prompt/confirm.ts": "94c8e55de3bbcd53732804420935c432eab29945497d1c47c357d236a89cb5f6",
    "https://deno.land/x/cliffy@v0.25.7/prompt/deps.ts": "4c38ab18e55a792c9a136c1c29b2b6e21ea4820c45de7ef4cf517ce94012c57d",
    "https://deno.land/x/cliffy@v0.25.7/prompt/figures.ts": "26af0fbfe21497220e4b887bb550fab997498cde14703b98e78faf370fbb4b94",
    "https://deno.land/x/cliffy@v0.25.7/prompt/input.ts": "ee45532e0a30c2463e436e08ae291d79d1c2c40872e17364c96d2b97c279bf4d",
    "https://deno.land/x/cliffy@v0.25.7/prompt/list.ts": "6780427ff2a932a48c9b882d173c64802081d6cdce9ff618d66ba6504b6abc50",
    "https://deno.land/x/cliffy@v0.25.7/prompt/mod.ts": "195aed14d10d279914eaa28c696dec404d576ca424c097a5bc2b4a7a13b66c89",
    "https://deno.land/x/cliffy@v0.25.7/prompt/number.ts": "015305a76b50138234dde4fd50eb886c6c7c0baa1b314caf811484644acdc2cf",
    "https://deno.land/x/cliffy@v0.25.7/prompt/prompt.ts": "0e7f6a1d43475ee33fb25f7d50749b2f07fc0bcddd9579f3f9af12d05b4a4412",
    "https://deno.land/x/cliffy@v0.25.7/prompt/secret.ts": "58745f5231fb2c44294c4acf2511f8c5bfddfa1e12f259580ff90dedea2703d6",
    "https://deno.land/x/cliffy@v0.25.7/prompt/select.ts": "1e982eae85718e4e15a3ee10a5ae2233e532d7977d55888f3a309e8e3982b784",
    "https://deno.land/x/cliffy@v0.25.7/prompt/toggle.ts": "842c3754a40732f2e80bcd4670098713e402e64bd930e6cab2b787f7ad4d931a"
  }
}
